// !$*UTF8*$!
{
	archiveVersion = 1;
	classes = {
	};
	objectVersion = 55;
	objects = {

/* Begin PBXBuildFile section */
		8B16F6642775C99C0014074B /* MusicPlayerViewModel.swift in Sources */ = {isa = PBXBuildFile; fileRef = 8B16F6632775C99C0014074B /* MusicPlayerViewModel.swift */; };
		BC72381E279B40C10087815F /* MusicPlayerController.swift in Sources */ = {isa = PBXBuildFile; fileRef = BC72381D279B40C10087815F /* MusicPlayerController.swift */; };
		BC11483227946CEA001821BF /* ArtWorkImageView.swift in Sources */ = {isa = PBXBuildFile; fileRef = BC11483127946CEA001821BF /* ArtWorkImageView.swift */; };
		BCADFF292755374B00356AAA /* Assets.xcassets in Resources */ = {isa = PBXBuildFile; fileRef = BCADFF282755374B00356AAA /* Assets.xcassets */; };
		BCADFF36275537A900356AAA /* SongsListView.swift in Sources */ = {isa = PBXBuildFile; fileRef = BCADFF35275537A900356AAA /* SongsListView.swift */; };
		BCADFF38275537C200356AAA /* MusicPlayerView.swift in Sources */ = {isa = PBXBuildFile; fileRef = BCADFF37275537C200356AAA /* MusicPlayerView.swift */; };
		BCADFF3C27553AC400356AAA /* EmptyStateView.swift in Sources */ = {isa = PBXBuildFile; fileRef = BCADFF3B27553AC400356AAA /* EmptyStateView.swift */; };
		BCADFF3E275542F200356AAA /* SongModel.swift in Sources */ = {isa = PBXBuildFile; fileRef = BCADFF3D275542F200356AAA /* SongModel.swift */; };
		BCADFF4027554D2E00356AAA /* SongsListViewModel.swift in Sources */ = {isa = PBXBuildFile; fileRef = BCADFF3F27554D2E00356AAA /* SongsListViewModel.swift */; };
		BCCD50D72792C60D00899DE2 /* song.mp3 in Resources */ = {isa = PBXBuildFile; fileRef = BCCD50D62792C60D00899DE2 /* song.mp3 */; };
		BCCD50D92792C66600899DE2 /* SongListRowView.swift in Sources */ = {isa = PBXBuildFile; fileRef = BCCD50D82792C66600899DE2 /* SongListRowView.swift */; };
		BCCD50DD2792C69C00899DE2 /* MusicPlayerApp.swift in Sources */ = {isa = PBXBuildFile; fileRef = BCCD50DC2792C69C00899DE2 /* MusicPlayerApp.swift */; };
		BCCD50E02792C6DF00899DE2 /* Preview Assets.xcassets in Resources */ = {isa = PBXBuildFile; fileRef = BCCD50DF2792C6DF00899DE2 /* Preview Assets.xcassets */; };
/* End PBXBuildFile section */

/* Begin PBXFileReference section */
		8B16F6632775C99C0014074B /* MusicPlayerViewModel.swift */ = {isa = PBXFileReference; lastKnownFileType = sourcecode.swift; path = MusicPlayerViewModel.swift; sourceTree = "<group>"; };
		BC72381D279B40C10087815F /* MusicPlayerController.swift */ = {isa = PBXFileReference; lastKnownFileType = sourcecode.swift; path = MusicPlayerController.swift; sourceTree = "<group>"; };
		BC11483127946CEA001821BF /* ArtWorkImageView.swift */ = {isa = PBXFileReference; lastKnownFileType = sourcecode.swift; path = ArtWorkImageView.swift; sourceTree = "<group>"; };
		BCADFF212755374A00356AAA /* MusicPlayer.app */ = {isa = PBXFileReference; explicitFileType = wrapper.application; includeInIndex = 0; path = MusicPlayer.app; sourceTree = BUILT_PRODUCTS_DIR; };
		BCADFF282755374B00356AAA /* Assets.xcassets */ = {isa = PBXFileReference; lastKnownFileType = folder.assetcatalog; path = Assets.xcassets; sourceTree = "<group>"; };
		BCADFF35275537A900356AAA /* SongsListView.swift */ = {isa = PBXFileReference; lastKnownFileType = sourcecode.swift; path = SongsListView.swift; sourceTree = "<group>"; };
		BCADFF37275537C200356AAA /* MusicPlayerView.swift */ = {isa = PBXFileReference; lastKnownFileType = sourcecode.swift; path = MusicPlayerView.swift; sourceTree = "<group>"; };
		BCADFF3B27553AC400356AAA /* EmptyStateView.swift */ = {isa = PBXFileReference; lastKnownFileType = sourcecode.swift; path = EmptyStateView.swift; sourceTree = "<group>"; };
		BCADFF3D275542F200356AAA /* SongModel.swift */ = {isa = PBXFileReference; lastKnownFileType = sourcecode.swift; path = SongModel.swift; sourceTree = "<group>"; };
		BCADFF3F27554D2E00356AAA /* SongsListViewModel.swift */ = {isa = PBXFileReference; lastKnownFileType = sourcecode.swift; path = SongsListViewModel.swift; sourceTree = "<group>"; };
		BCB9EBF8277C70F1006E14DE /* MediaPlayer.framework */ = {isa = PBXFileReference; lastKnownFileType = wrapper.framework; name = MediaPlayer.framework; path = System/Library/Frameworks/MediaPlayer.framework; sourceTree = SDKROOT; };
		BCCD50D62792C60D00899DE2 /* song.mp3 */ = {isa = PBXFileReference; lastKnownFileType = audio.mp3; path = song.mp3; sourceTree = "<group>"; };
		BCCD50D82792C66600899DE2 /* SongListRowView.swift */ = {isa = PBXFileReference; fileEncoding = 4; lastKnownFileType = sourcecode.swift; path = SongListRowView.swift; sourceTree = "<group>"; };
		BCCD50DC2792C69C00899DE2 /* MusicPlayerApp.swift */ = {isa = PBXFileReference; fileEncoding = 4; lastKnownFileType = sourcecode.swift; path = MusicPlayerApp.swift; sourceTree = "<group>"; };
		BCCD50DF2792C6DF00899DE2 /* Preview Assets.xcassets */ = {isa = PBXFileReference; lastKnownFileType = folder.assetcatalog; path = "Preview Assets.xcassets"; sourceTree = "<group>"; };
/* End PBXFileReference section */

/* Begin PBXFrameworksBuildPhase section */
		BCADFF1E2755374A00356AAA /* Frameworks */ = {
			isa = PBXFrameworksBuildPhase;
			buildActionMask = 2147483647;
			files = (
			);
			runOnlyForDeploymentPostprocessing = 0;
		};
/* End PBXFrameworksBuildPhase section */

/* Begin PBXGroup section */
		BC72381C279B40A60087815F /* Controller */ = {
			isa = PBXGroup;
			children = (
				BC72381D279B40C10087815F /* MusicPlayerController.swift */,
			);
			path = Controller;
			sourceTree = "<group>";
		};
		BCADFF182755374A00356AAA = {
			isa = PBXGroup;
			children = (
				BCADFF232755374A00356AAA /* MusicPlayer */,
				BCADFF222755374A00356AAA /* Products */,
				BCB9EBF7277C70F1006E14DE /* Frameworks */,
			);
			sourceTree = "<group>";
		};
		BCADFF222755374A00356AAA /* Products */ = {
			isa = PBXGroup;
			children = (
				BCADFF212755374A00356AAA /* MusicPlayer.app */,
			);
			name = Products;
			sourceTree = "<group>";
		};
		BCADFF232755374A00356AAA /* MusicPlayer */ = {
			isa = PBXGroup;
			children = (
				BC72381C279B40A60087815F /* Controller */,
				BCCD50D52792C5CB00899DE2 /* Songs */,
				BCADFF342755377100356AAA /* Model */,
				BCADFF332755376000356AAA /* ViewModel */,
				BCADFF322755375800356AAA /* View */,
				BCADFF282755374B00356AAA /* Assets.xcassets */,
				BCCD50DC2792C69C00899DE2 /* MusicPlayerApp.swift */,
				BCADFF2A2755374B00356AAA /* Preview Content */,
			);
			path = MusicPlayer;
			sourceTree = "<group>";
		};
		BCADFF2A2755374B00356AAA /* Preview Content */ = {
			isa = PBXGroup;
			children = (
				BCCD50DF2792C6DF00899DE2 /* Preview Assets.xcassets */,
			);
			path = "Preview Content";
			sourceTree = "<group>";
		};
		BCADFF322755375800356AAA /* View */ = {
			isa = PBXGroup;
			children = (
				BCADFF35275537A900356AAA /* SongsListView.swift */,
				BCADFF37275537C200356AAA /* MusicPlayerView.swift */,
				BCCD50D82792C66600899DE2 /* SongListRowView.swift */,
				BCADFF3B27553AC400356AAA /* EmptyStateView.swift */,
				BC11483127946CEA001821BF /* ArtWorkImageView.swift */,
			);
			path = View;
			sourceTree = "<group>";
		};
		BCADFF332755376000356AAA /* ViewModel */ = {
			isa = PBXGroup;
			children = (
				BCADFF3F27554D2E00356AAA /* SongsListViewModel.swift */,
				8B16F6632775C99C0014074B /* MusicPlayerViewModel.swift */,
			);
			path = ViewModel;
			sourceTree = "<group>";
		};
		BCADFF342755377100356AAA /* Model */ = {
			isa = PBXGroup;
			children = (
				BCADFF3D275542F200356AAA /* SongModel.swift */,
			);
			path = Model;
			sourceTree = "<group>";
		};
		BCB9EBF7277C70F1006E14DE /* Frameworks */ = {
			isa = PBXGroup;
			children = (
				BCB9EBF8277C70F1006E14DE /* MediaPlayer.framework */,
			);
			name = Frameworks;
			sourceTree = "<group>";
		};
		BCCD50D52792C5CB00899DE2 /* Songs */ = {
			isa = PBXGroup;
			children = (
				BCCD50D62792C60D00899DE2 /* song.mp3 */,
			);
			path = Songs;
			sourceTree = "<group>";
		};
/* End PBXGroup section */

/* Begin PBXNativeTarget section */
		BCADFF202755374A00356AAA /* MusicPlayer */ = {
			isa = PBXNativeTarget;
			buildConfigurationList = BCADFF2F2755374B00356AAA /* Build configuration list for PBXNativeTarget "MusicPlayer" */;
			buildPhases = (
				BCADFF1D2755374A00356AAA /* Sources */,
				BCADFF1E2755374A00356AAA /* Frameworks */,
				BCADFF1F2755374A00356AAA /* Resources */,
			);
			buildRules = (
			);
			dependencies = (
			);
			name = MusicPlayer;
			productName = MusicPlayer;
			productReference = BCADFF212755374A00356AAA /* MusicPlayer.app */;
			productType = "com.apple.product-type.application";
		};
/* End PBXNativeTarget section */

/* Begin PBXProject section */
		BCADFF192755374A00356AAA /* Project object */ = {
			isa = PBXProject;
			attributes = {
				BuildIndependentTargetsInParallel = 1;
				LastSwiftUpdateCheck = 1310;
				LastUpgradeCheck = 1310;
				TargetAttributes = {
					BCADFF202755374A00356AAA = {
						CreatedOnToolsVersion = 13.1;
					};
				};
			};
			buildConfigurationList = BCADFF1C2755374A00356AAA /* Build configuration list for PBXProject "MusicPlayer" */;
			compatibilityVersion = "Xcode 13.0";
			developmentRegion = en;
			hasScannedForEncodings = 0;
			knownRegions = (
				en,
				Base,
			);
			mainGroup = BCADFF182755374A00356AAA;
			productRefGroup = BCADFF222755374A00356AAA /* Products */;
			projectDirPath = "";
			projectRoot = "";
			targets = (
				BCADFF202755374A00356AAA /* MusicPlayer */,
			);
		};
/* End PBXProject section */

/* Begin PBXResourcesBuildPhase section */
		BCADFF1F2755374A00356AAA /* Resources */ = {
			isa = PBXResourcesBuildPhase;
			buildActionMask = 2147483647;
			files = (
				BCCD50E02792C6DF00899DE2 /* Preview Assets.xcassets in Resources */,
				BCADFF292755374B00356AAA /* Assets.xcassets in Resources */,
				BCCD50D72792C60D00899DE2 /* song.mp3 in Resources */,
			);
			runOnlyForDeploymentPostprocessing = 0;
		};
/* End PBXResourcesBuildPhase section */

/* Begin PBXSourcesBuildPhase section */
		BCADFF1D2755374A00356AAA /* Sources */ = {
			isa = PBXSourcesBuildPhase;
			buildActionMask = 2147483647;
			files = (
				BCADFF36275537A900356AAA /* SongsListView.swift in Sources */,
				BCADFF3C27553AC400356AAA /* EmptyStateView.swift in Sources */,
				BCADFF38275537C200356AAA /* MusicPlayerView.swift in Sources */,
				BCADFF3E275542F200356AAA /* SongModel.swift in Sources */,
				BCADFF4027554D2E00356AAA /* SongsListViewModel.swift in Sources */,
				BC11483227946CEA001821BF /* ArtWorkImageView.swift in Sources */,
				BCCD50D92792C66600899DE2 /* SongListRowView.swift in Sources */,
				BCCD50DD2792C69C00899DE2 /* MusicPlayerApp.swift in Sources */,
				8B16F6642775C99C0014074B /* MusicPlayerViewModel.swift in Sources */,
				BC72381E279B40C10087815F /* MusicPlayerController.swift in Sources */,
			);
			runOnlyForDeploymentPostprocessing = 0;
		};
/* End PBXSourcesBuildPhase section */

/* Begin XCBuildConfiguration section */
		BCADFF2D2755374B00356AAA /* Debug */ = {
			isa = XCBuildConfiguration;
			buildSettings = {
				ALWAYS_SEARCH_USER_PATHS = NO;
				CLANG_ANALYZER_NONNULL = YES;
				CLANG_ANALYZER_NUMBER_OBJECT_CONVERSION = YES_AGGRESSIVE;
				CLANG_CXX_LANGUAGE_STANDARD = "gnu++17";
				CLANG_CXX_LIBRARY = "libc++";
				CLANG_ENABLE_MODULES = YES;
				CLANG_ENABLE_OBJC_ARC = YES;
				CLANG_ENABLE_OBJC_WEAK = YES;
				CLANG_WARN_BLOCK_CAPTURE_AUTORELEASING = YES;
				CLANG_WARN_BOOL_CONVERSION = YES;
				CLANG_WARN_COMMA = YES;
				CLANG_WARN_CONSTANT_CONVERSION = YES;
				CLANG_WARN_DEPRECATED_OBJC_IMPLEMENTATIONS = YES;
				CLANG_WARN_DIRECT_OBJC_ISA_USAGE = YES_ERROR;
				CLANG_WARN_DOCUMENTATION_COMMENTS = YES;
				CLANG_WARN_EMPTY_BODY = YES;
				CLANG_WARN_ENUM_CONVERSION = YES;
				CLANG_WARN_INFINITE_RECURSION = YES;
				CLANG_WARN_INT_CONVERSION = YES;
				CLANG_WARN_NON_LITERAL_NULL_CONVERSION = YES;
				CLANG_WARN_OBJC_IMPLICIT_RETAIN_SELF = YES;
				CLANG_WARN_OBJC_LITERAL_CONVERSION = YES;
				CLANG_WARN_OBJC_ROOT_CLASS = YES_ERROR;
				CLANG_WARN_QUOTED_INCLUDE_IN_FRAMEWORK_HEADER = YES;
				CLANG_WARN_RANGE_LOOP_ANALYSIS = YES;
				CLANG_WARN_STRICT_PROTOTYPES = YES;
				CLANG_WARN_SUSPICIOUS_MOVE = YES;
				CLANG_WARN_UNGUARDED_AVAILABILITY = YES_AGGRESSIVE;
				CLANG_WARN_UNREACHABLE_CODE = YES;
				CLANG_WARN__DUPLICATE_METHOD_MATCH = YES;
				COPY_PHASE_STRIP = NO;
				DEBUG_INFORMATION_FORMAT = dwarf;
				ENABLE_STRICT_OBJC_MSGSEND = YES;
				ENABLE_TESTABILITY = YES;
				GCC_C_LANGUAGE_STANDARD = gnu11;
				GCC_DYNAMIC_NO_PIC = NO;
				GCC_NO_COMMON_BLOCKS = YES;
				GCC_OPTIMIZATION_LEVEL = 0;
				GCC_PREPROCESSOR_DEFINITIONS = (
					"DEBUG=1",
					"$(inherited)",
				);
				GCC_WARN_64_TO_32_BIT_CONVERSION = YES;
				GCC_WARN_ABOUT_RETURN_TYPE = YES_ERROR;
				GCC_WARN_UNDECLARED_SELECTOR = YES;
				GCC_WARN_UNINITIALIZED_AUTOS = YES_AGGRESSIVE;
				GCC_WARN_UNUSED_FUNCTION = YES;
				GCC_WARN_UNUSED_VARIABLE = YES;
				IPHONEOS_DEPLOYMENT_TARGET = 15.0;
				MTL_ENABLE_DEBUG_INFO = INCLUDE_SOURCE;
				MTL_FAST_MATH = YES;
				ONLY_ACTIVE_ARCH = YES;
				SDKROOT = iphoneos;
				SWIFT_ACTIVE_COMPILATION_CONDITIONS = DEBUG;
				SWIFT_OPTIMIZATION_LEVEL = "-Onone";
			};
			name = Debug;
		};
		BCADFF2E2755374B00356AAA /* Release */ = {
			isa = XCBuildConfiguration;
			buildSettings = {
				ALWAYS_SEARCH_USER_PATHS = NO;
				CLANG_ANALYZER_NONNULL = YES;
				CLANG_ANALYZER_NUMBER_OBJECT_CONVERSION = YES_AGGRESSIVE;
				CLANG_CXX_LANGUAGE_STANDARD = "gnu++17";
				CLANG_CXX_LIBRARY = "libc++";
				CLANG_ENABLE_MODULES = YES;
				CLANG_ENABLE_OBJC_ARC = YES;
				CLANG_ENABLE_OBJC_WEAK = YES;
				CLANG_WARN_BLOCK_CAPTURE_AUTORELEASING = YES;
				CLANG_WARN_BOOL_CONVERSION = YES;
				CLANG_WARN_COMMA = YES;
				CLANG_WARN_CONSTANT_CONVERSION = YES;
				CLANG_WARN_DEPRECATED_OBJC_IMPLEMENTATIONS = YES;
				CLANG_WARN_DIRECT_OBJC_ISA_USAGE = YES_ERROR;
				CLANG_WARN_DOCUMENTATION_COMMENTS = YES;
				CLANG_WARN_EMPTY_BODY = YES;
				CLANG_WARN_ENUM_CONVERSION = YES;
				CLANG_WARN_INFINITE_RECURSION = YES;
				CLANG_WARN_INT_CONVERSION = YES;
				CLANG_WARN_NON_LITERAL_NULL_CONVERSION = YES;
				CLANG_WARN_OBJC_IMPLICIT_RETAIN_SELF = YES;
				CLANG_WARN_OBJC_LITERAL_CONVERSION = YES;
				CLANG_WARN_OBJC_ROOT_CLASS = YES_ERROR;
				CLANG_WARN_QUOTED_INCLUDE_IN_FRAMEWORK_HEADER = YES;
				CLANG_WARN_RANGE_LOOP_ANALYSIS = YES;
				CLANG_WARN_STRICT_PROTOTYPES = YES;
				CLANG_WARN_SUSPICIOUS_MOVE = YES;
				CLANG_WARN_UNGUARDED_AVAILABILITY = YES_AGGRESSIVE;
				CLANG_WARN_UNREACHABLE_CODE = YES;
				CLANG_WARN__DUPLICATE_METHOD_MATCH = YES;
				COPY_PHASE_STRIP = NO;
				DEBUG_INFORMATION_FORMAT = "dwarf-with-dsym";
				ENABLE_NS_ASSERTIONS = NO;
				ENABLE_STRICT_OBJC_MSGSEND = YES;
				GCC_C_LANGUAGE_STANDARD = gnu11;
				GCC_NO_COMMON_BLOCKS = YES;
				GCC_WARN_64_TO_32_BIT_CONVERSION = YES;
				GCC_WARN_ABOUT_RETURN_TYPE = YES_ERROR;
				GCC_WARN_UNDECLARED_SELECTOR = YES;
				GCC_WARN_UNINITIALIZED_AUTOS = YES_AGGRESSIVE;
				GCC_WARN_UNUSED_FUNCTION = YES;
				GCC_WARN_UNUSED_VARIABLE = YES;
				IPHONEOS_DEPLOYMENT_TARGET = 15.0;
				MTL_ENABLE_DEBUG_INFO = NO;
				MTL_FAST_MATH = YES;
				SDKROOT = iphoneos;
				SWIFT_COMPILATION_MODE = wholemodule;
				SWIFT_OPTIMIZATION_LEVEL = "-O";
				VALIDATE_PRODUCT = YES;
			};
			name = Release;
		};
		BCADFF302755374B00356AAA /* Debug */ = {
			isa = XCBuildConfiguration;
			buildSettings = {
				ASSETCATALOG_COMPILER_APPICON_NAME = AppIcon;
				ASSETCATALOG_COMPILER_GLOBAL_ACCENT_COLOR_NAME = AccentColor;
				CODE_SIGN_STYLE = Automatic;
				CURRENT_PROJECT_VERSION = 1;
				DEVELOPMENT_ASSET_PATHS = "\"MusicPlayer/Preview Content\"";
				DEVELOPMENT_TEAM = V975Z3G3HV;
				ENABLE_PREVIEWS = YES;
				GENERATE_INFOPLIST_FILE = YES;
				INFOPLIST_FILE = MusicPlayer/Info.plist;
				INFOPLIST_KEY_NSAppleMusicUsageDescription = Privacy;
				INFOPLIST_KEY_UIApplicationSceneManifest_Generation = YES;
				INFOPLIST_KEY_UIApplicationSupportsIndirectInputEvents = YES;
				INFOPLIST_KEY_UILaunchScreen_Generation = YES;
				INFOPLIST_KEY_UISupportedInterfaceOrientations = UIInterfaceOrientationPortrait;
				INFOPLIST_KEY_UISupportedInterfaceOrientations_iPad = "UIInterfaceOrientationPortrait UIInterfaceOrientationPortraitUpsideDown UIInterfaceOrientationLandscapeLeft UIInterfaceOrientationLandscapeRight";
				INFOPLIST_KEY_UISupportedInterfaceOrientations_iPhone = "UIInterfaceOrientationPortrait UIInterfaceOrientationLandscapeLeft UIInterfaceOrientationLandscapeRight";
				LD_RUNPATH_SEARCH_PATHS = (
					"$(inherited)",
					"@executable_path/Frameworks",
				);
				MARKETING_VERSION = 1.0;
				PRODUCT_BUNDLE_IDENTIFIER = XXXX.MusicPlayer;
				PRODUCT_NAME = "$(TARGET_NAME)";
				SWIFT_EMIT_LOC_STRINGS = YES;
				SWIFT_VERSION = 5.0;
				TARGETED_DEVICE_FAMILY = 1;
			};
			name = Debug;
		};
		BCADFF312755374B00356AAA /* Release */ = {
			isa = XCBuildConfiguration;
			buildSettings = {
				ASSETCATALOG_COMPILER_APPICON_NAME = AppIcon;
				ASSETCATALOG_COMPILER_GLOBAL_ACCENT_COLOR_NAME = AccentColor;
				CODE_SIGN_STYLE = Automatic;
				CURRENT_PROJECT_VERSION = 1;
				DEVELOPMENT_ASSET_PATHS = "\"MusicPlayer/Preview Content\"";
				DEVELOPMENT_TEAM = V975Z3G3HV;
				ENABLE_PREVIEWS = YES;
				GENERATE_INFOPLIST_FILE = YES;
				INFOPLIST_FILE = MusicPlayer/Info.plist;
				INFOPLIST_KEY_NSAppleMusicUsageDescription = Privacy;
				INFOPLIST_KEY_UIApplicationSceneManifest_Generation = YES;
				INFOPLIST_KEY_UIApplicationSupportsIndirectInputEvents = YES;
				INFOPLIST_KEY_UILaunchScreen_Generation = YES;
				INFOPLIST_KEY_UISupportedInterfaceOrientations = UIInterfaceOrientationPortrait;
				INFOPLIST_KEY_UISupportedInterfaceOrientations_iPad = "UIInterfaceOrientationPortrait UIInterfaceOrientationPortraitUpsideDown UIInterfaceOrientationLandscapeLeft UIInterfaceOrientationLandscapeRight";
				INFOPLIST_KEY_UISupportedInterfaceOrientations_iPhone = "UIInterfaceOrientationPortrait UIInterfaceOrientationLandscapeLeft UIInterfaceOrientationLandscapeRight";
				LD_RUNPATH_SEARCH_PATHS = (
					"$(inherited)",
					"@executable_path/Frameworks",
				);
				MARKETING_VERSION = 1.0;
				PRODUCT_BUNDLE_IDENTIFIER = XXXX.MusicPlayer;
				PRODUCT_NAME = "$(TARGET_NAME)";
				SWIFT_EMIT_LOC_STRINGS = YES;
				SWIFT_VERSION = 5.0;
				TARGETED_DEVICE_FAMILY = 1;
			};
			name = Release;
		};
/* End XCBuildConfiguration section */

/* Begin XCConfigurationList section */
		BCADFF1C2755374A00356AAA /* Build configuration list for PBXProject "MusicPlayer" */ = {
			isa = XCConfigurationList;
			buildConfigurations = (
				BCADFF2D2755374B00356AAA /* Debug */,
				BCADFF2E2755374B00356AAA /* Release */,
			);
			defaultConfigurationIsVisible = 0;
			defaultConfigurationName = Release;
		};
		BCADFF2F2755374B00356AAA /* Build configuration list for PBXNativeTarget "MusicPlayer" */ = {
			isa = XCConfigurationList;
			buildConfigurations = (
				BCADFF302755374B00356AAA /* Debug */,
				BCADFF312755374B00356AAA /* Release */,
			);
			defaultConfigurationIsVisible = 0;
			defaultConfigurationName = Release;
		};
/* End XCConfigurationList section */
	};
	rootObject = BCADFF192755374A00356AAA /* Project object */;
}
